
Microsoft Visual Studio Solution File, Format Version 12.00
# Visual Studio Version 17
VisualStudioVersion = 17.13.36105.23 d17.13
MinimumVisualStudioVersion = 10.0.40219.1
Project("{8BC9CEB8-8B4A-11D0-8D11-00A0C91BC942}") = "red-black-tree", "red-black-tree.vcxproj", "{0826F34D-6E3D-4F66-8523-4607366E3786}"
EndProject
Global
	GlobalSection(SolutionConfigurationPlatforms) = preSolution
		Debug|x64 = Debug|x64
		Debug|x86 = Debug|x86
		Release|x64 = Release|x64
		Release|x86 = Release|x86
	EndGlobalSection
	GlobalSection(ProjectConfigurationPlatforms) = postSolution
		{0826F34D-6E3D-4F66-8523-4607366E3786}.Debug|x64.ActiveCfg = Debug|x64
		{0826F34D-6E3D-4F66-8523-4607366E3786}.Debug|x64.Build.0 = Debug|x64
		{0826F34D-6E3D-4F66-8523-4607366E3786}.Debug|x86.ActiveCfg = Debug|Win32
		{0826F34D-6E3D-4F66-8523-4607366E3786}.Debug|x86.Build.0 = Debug|Win32
		{0826F34D-6E3D-4F66-8523-4607366E3786}.Release|x64.ActiveCfg = Release|x64
		{0826F34D-6E3D-4F66-8523-4607366E3786}.Release|x64.Build.0 = Release|x64
		{0826F34D-6E3D-4F66-8523-4607366E3786}.Release|x86.ActiveCfg = Release|Win32
		{0826F34D-6E3D-4F66-8523-4607366E3786}.Release|x86.Build.0 = Release|Win32
	EndGlobalSection
	GlobalSection(SolutionProperties) = preSolution
		HideSolutionNode = FALSE
	EndGlobalSection
	GlobalSection(ExtensibilityGlobals) = postSolution
		SolutionGuid = {5BFBD03A-4430-415E-B563-7E249B37A5FF}
	EndGlobalSection
EndGlobal
