
Microsoft Visual Studio Solution File, Format Version 12.00
# Visual Studio Version 17
VisualStudioVersion = 17.11.35312.102
MinimumVisualStudioVersion = 10.0.40219.1
Project("{8BC9CEB8-8B4A-11D0-8D11-00A0C91BC942}") = "critical-path", "critical-path.vcxproj", "{6E3ECBD9-2DC3-40B3-BD89-EA5AC2BBE134}"
EndProject
Global
	GlobalSection(SolutionConfigurationPlatforms) = preSolution
		Debug|x64 = Debug|x64
		Debug|x86 = Debug|x86
		Release|x64 = Release|x64
		Release|x86 = Release|x86
	EndGlobalSection
	GlobalSection(ProjectConfigurationPlatforms) = postSolution
		{6E3ECBD9-2DC3-40B3-BD89-EA5AC2BBE134}.Debug|x64.ActiveCfg = Debug|x64
		{6E3ECBD9-2DC3-40B3-BD89-EA5AC2BBE134}.Debug|x64.Build.0 = Debug|x64
		{6E3ECBD9-2DC3-40B3-BD89-EA5AC2BBE134}.Debug|x86.ActiveCfg = Debug|Win32
		{6E3ECBD9-2DC3-40B3-BD89-EA5AC2BBE134}.Debug|x86.Build.0 = Debug|Win32
		{6E3ECBD9-2DC3-40B3-BD89-EA5AC2BBE134}.Release|x64.ActiveCfg = Release|x64
		{6E3ECBD9-2DC3-40B3-BD89-EA5AC2BBE134}.Release|x64.Build.0 = Release|x64
		{6E3ECBD9-2DC3-40B3-BD89-EA5AC2BBE134}.Release|x86.ActiveCfg = Release|Win32
		{6E3ECBD9-2DC3-40B3-BD89-EA5AC2BBE134}.Release|x86.Build.0 = Release|Win32
	EndGlobalSection
	GlobalSection(SolutionProperties) = preSolution
		HideSolutionNode = FALSE
	EndGlobalSection
	GlobalSection(ExtensibilityGlobals) = postSolution
		SolutionGuid = {77B95984-16B5-4266-99E5-9D4DE4DF5304}
	EndGlobalSection
EndGlobal
